
Microsoft Visual Studio Solution File, Format Version 12.00
# Visual Studio Version 16
VisualStudioVersion = 16.0.30523.141
MinimumVisualStudioVersion = 10.0.40219.1
Project("{FAE04EC0-301F-11D3-BF4B-00C04F79EFBC}") = "ontap_socket_multi_client", "ontap_socket_multi_client\ontap_socket_multi_client.csproj", "{37A4B5D2-29C6-4DE4-A8C7-E63F18B8F817}"
EndProject
Global
	GlobalSection(SolutionConfigurationPlatforms) = preSolution
		Debug|Any CPU = Debug|Any CPU
		Release|Any CPU = Release|Any CPU
	EndGlobalSection
	GlobalSection(ProjectConfigurationPlatforms) = postSolution
		{37A4B5D2-29C6-4DE4-A8C7-E63F18B8F817}.Debug|Any CPU.ActiveCfg = Debug|Any CPU
		{37A4B5D2-29C6-4DE4-A8C7-E63F18B8F817}.Debug|Any CPU.Build.0 = Debug|Any CPU
		{37A4B5D2-29C6-4DE4-A8C7-E63F18B8F817}.Release|Any CPU.ActiveCfg = Release|Any CPU
		{37A4B5D2-29C6-4DE4-A8C7-E63F18B8F817}.Release|Any CPU.Build.0 = Release|Any CPU
	EndGlobalSection
	GlobalSection(SolutionProperties) = preSolution
		HideSolutionNode = FALSE
	EndGlobalSection
	GlobalSection(ExtensibilityGlobals) = postSolution
		SolutionGuid = {49AAFB38-26AE-4455-B54F-9FDBD2740D05}
	EndGlobalSection
EndGlobal
